
Microsoft Visual Studio Solution File, Format Version 12.00
# Visual Studio 15
VisualStudioVersion = 15.0.28307.489
MinimumVisualStudioVersion = 10.0.40219.1
Project("{8BC9CEB8-8B4A-11D0-8D11-00A0C91BC942}") = "Sandbox", "Sandbox\Sandbox.vcxproj", "{B9325F44-3062-47BB-8530-086A5AFD1041}"
EndProject
Project("{8BC9CEB8-8B4A-11D0-8D11-00A0C91BC942}") = "Hazel", "Hazel\Hazel.vcxproj", "{6062B5B0-F37B-4A91-BAE6-294D3A641289}"
EndProject
Global
	GlobalSection(SolutionConfigurationPlatforms) = preSolution
		Debug|x64 = Debug|x64
		Release|x64 = Release|x64
	EndGlobalSection
	GlobalSection(ProjectConfigurationPlatforms) = postSolution
		{6062B5B0-F37B-4A91-BAE6-294D3A641289}.Debug|x64.ActiveCfg = Debug|x64
		{6062B5B0-F37B-4A91-BAE6-294D3A641289}.Debug|x64.Build.0 = Debug|x64
		{6062B5B0-F37B-4A91-BAE6-294D3A641289}.Release|x64.ActiveCfg = Release|x64
		{6062B5B0-F37B-4A91-BAE6-294D3A641289}.Release|x64.Build.0 = Release|x64
		{B9325F44-3062-47BB-8530-086A5AFD1041}.Debug|x64.ActiveCfg = Debug|x64
		{B9325F44-3062-47BB-8530-086A5AFD1041}.Debug|x64.Build.0 = Debug|x64
		{B9325F44-3062-47BB-8530-086A5AFD1041}.Release|x64.ActiveCfg = Release|x64
		{B9325F44-3062-47BB-8530-086A5AFD1041}.Release|x64.Build.0 = Release|x64
	EndGlobalSection
	GlobalSection(SolutionProperties) = preSolution
		HideSolutionNode = FALSE
	EndGlobalSection
	GlobalSection(ExtensibilityGlobals) = postSolution
		SolutionGuid = {F5ECC152-4938-42F0-8479-5FB3C28F71D6}
	EndGlobalSection
EndGlobal
